
Microsoft Visual Studio Solution File, Format Version 12.00
# Visual Studio Version 16
VisualStudioVersion = 16.0.32228.343
MinimumVisualStudioVersion = 10.0.40219.1
Project("{FAE04EC0-301F-11D3-BF4B-00C04F79EFBC}") = "Template", "Template\Template.csproj", "{7737B812-743B-4603-B472-D6343CDB910A}"
EndProject
Global
	GlobalSection(SolutionConfigurationPlatforms) = preSolution
		Debug|Any CPU = Debug|Any CPU
		Release|Any CPU = Release|Any CPU
	EndGlobalSection
	GlobalSection(ProjectConfigurationPlatforms) = postSolution
		{7737B812-743B-4603-B472-D6343CDB910A}.Debug|Any CPU.ActiveCfg = Debug|Any CPU
		{7737B812-743B-4603-B472-D6343CDB910A}.Debug|Any CPU.Build.0 = Debug|Any CPU
		{7737B812-743B-4603-B472-D6343CDB910A}.Release|Any CPU.ActiveCfg = Release|Any CPU
		{7737B812-743B-4603-B472-D6343CDB910A}.Release|Any CPU.Build.0 = Release|Any CPU
	EndGlobalSection
	GlobalSection(SolutionProperties) = preSolution
		HideSolutionNode = FALSE
	EndGlobalSection
	GlobalSection(ExtensibilityGlobals) = postSolution
		SolutionGuid = {3C70F614-FA52-49F8-8B7E-88BECCFF2E50}
	EndGlobalSection
EndGlobal
